
Microsoft Visual Studio Solution File, Format Version 12.00
# Visual Studio Version 17
VisualStudioVersion = 17.8.34511.84
MinimumVisualStudioVersion = 10.0.40219.1
Project("{8BC9CEB8-8B4A-11D0-8D11-00A0C91BC942}") = "console-calculator-2", "console-calculator-2.vcxproj", "{61AF6D26-84D2-4BEB-B899-63C4A6679DB0}"
EndProject
Global
	GlobalSection(SolutionConfigurationPlatforms) = preSolution
		Debug|ARM64 = Debug|ARM64
		Debug|x64 = Debug|x64
		Debug|x86 = Debug|x86
		Release|ARM64 = Release|ARM64
		Release|x64 = Release|x64
		Release|x86 = Release|x86
	EndGlobalSection
	GlobalSection(ProjectConfigurationPlatforms) = postSolution
		{61AF6D26-84D2-4BEB-B899-63C4A6679DB0}.Debug|ARM64.ActiveCfg = Debug|ARM64
		{61AF6D26-84D2-4BEB-B899-63C4A6679DB0}.Debug|ARM64.Build.0 = Debug|ARM64
		{61AF6D26-84D2-4BEB-B899-63C4A6679DB0}.Debug|x64.ActiveCfg = Debug|x64
		{61AF6D26-84D2-4BEB-B899-63C4A6679DB0}.Debug|x64.Build.0 = Debug|x64
		{61AF6D26-84D2-4BEB-B899-63C4A6679DB0}.Debug|x86.ActiveCfg = Debug|Win32
		{61AF6D26-84D2-4BEB-B899-63C4A6679DB0}.Debug|x86.Build.0 = Debug|Win32
		{61AF6D26-84D2-4BEB-B899-63C4A6679DB0}.Release|ARM64.ActiveCfg = Release|ARM64
		{61AF6D26-84D2-4BEB-B899-63C4A6679DB0}.Release|ARM64.Build.0 = Release|ARM64
		{61AF6D26-84D2-4BEB-B899-63C4A6679DB0}.Release|x64.ActiveCfg = Release|x64
		{61AF6D26-84D2-4BEB-B899-63C4A6679DB0}.Release|x64.Build.0 = Release|x64
		{61AF6D26-84D2-4BEB-B899-63C4A6679DB0}.Release|x86.ActiveCfg = Release|Win32
		{61AF6D26-84D2-4BEB-B899-63C4A6679DB0}.Release|x86.Build.0 = Release|Win32
	EndGlobalSection
	GlobalSection(SolutionProperties) = preSolution
		HideSolutionNode = FALSE
	EndGlobalSection
	GlobalSection(ExtensibilityGlobals) = postSolution
		SolutionGuid = {B3703A27-504D-4D03-8779-AE0CD478C44D}
	EndGlobalSection
EndGlobal
